{
    "_meta": {
        "hash": {
            "sha256": "772a80a2fcff5a88ee474433d1ae361f0e0f866c0bdaeb75caa1381e7f52d879"
        },
        "pipfile-spec": 6,
        "requires": {
            "python_version": "3"
        },
        "sources": [
            {
                "name": "pypi",
                "url": "https://pypi.org/simple",
                "verify_ssl": true
            }
        ]
    },
    "default": {
        "cx-freeze": {
            "hashes": [
                "sha256:0a3e32980269cfabc2e814978bfdf4382fe3cbc9ac64f9f1bdb1cd2ddf3a40d0",
                "sha256:1f56f618a23d86bdcfff22b29ec993117effd32a401060013105517301c0bf32",
                "sha256:3a68e70dcb27b0720b131a35c5fdd096012fe00119a8e51d935f3fb3cd251c39",
                "sha256:4edfb5d65afb11eb9f0326d40d15445366481585705b3096f2cd090e30a36247",
                "sha256:5aa1759098ca4853200a79138b626a9caa2ccf829d662b28c82ec7e71ea97cde",
                "sha256:6f7bde925042d8843af9b6242a1bf3865dbbae088f3183a89a575124ec2e14a4",
                "sha256:7698fb82b6f84b3426774b5f3bee770601f26b612306319664a02f1ec5160861",
                "sha256:7962680ae04ee3afda1012026b5394a534e2526b68681d591158b7d8bc733bcf",
                "sha256:798bb7ca037c3c885efd3eda6756c84c7927c712b730b22a7f256440faa36d38",
                "sha256:7c1cb44379b2093cbdde77e302a376f29aa61999c73be6e8a559463db84b85c4",
                "sha256:87dcf5ceb78dc6af910c45238128fda2394b7c430d3fa469e87e1efdeeb5d4cc",
                "sha256:8f3a30c9e3394f290655e346d3b460910656b30ac6347a87499bb5ad365c6e7c",
                "sha256:971c0a8356ef0ee09a3097f9c9d5b52cde6d08d1ef80e997eb4a6e22fe0eff2f",
                "sha256:9848c975401b21a98aa896baabfed067c3e981afd5b5b0a8a5eabe5c9f23d3c5",
                "sha256:aaf399b6ed5d54b7271980ae354605620bedcd52d722f57ad527bd989c56a875",
                "sha256:b99cc0b6d6c1ba51bd9fe11dbfae9aabcf089ba779ea86d83d280e2e40f484e7",
                "sha256:bc90d6dbde66e8ddfe6b26f63fb2ea7d6d0e4568205f40660a63b8b200dcabcf",
                "sha256:cfb5a8032bf424c04814c9426425fa1db4cf8c280da948969eead9f616c0fd92",
                "sha256:d5aafcc6337856d5921b20f41acdcc8d0fe770388f3a072eb25163f8825f6c5d",
                "sha256:da4f82fe27e71571c0ab9d700b5e6c6c631ae39133d9b6d7157939f1e9f37312",
                "sha256:dd293382e1ad270dddf5a2707db5dbb8600a1e0b0c9b0da7af9d61326eb1b325",
                "sha256:e372b9e72ac0e2207ee65a9d404e2669da1134dc37f5ace9a2a779099d3aa868",
                "sha256:f0dfe6acf25eb096faba7d4b4b001bcd0f818e372ea1f05d900665b0ad82b0b9",
                "sha256:fb74d8cc1f8c658986acc19ea6875b985a979421f9bb9c310b43cd2ff5d90c44",
                "sha256:feec2f36bce042da6a0d92690bc592b0dcec29218adc2278535cd13b28ec3485"
            ],
            "index": "pypi",
            "version": "==6.11.1"
        },
        "cx-logging": {
            "hashes": [
                "sha256:04e4b61e2636dc8ae135937655af6626362aefc7f6175e86888a244b61001823",
                "sha256:0df4be47c5022cc54316949e283403214568ef599817ced0c0972183d6d4fabb",
                "sha256:1bf0ebc79a7baa331c7deaf57088c234b82710286dfad453ff0c55eee0122b72",
                "sha256:203ca92ee7c15d5dfe1fcdfcef7b39d0123eba5c6d8c2388b6e7db6b961a5362",
                "sha256:20daa71b2a30f61d09bcf55dbda002c10f0c7c691f53cb393fc6485410fa2484",
                "sha256:302e9c4f65a936c288a4fa59a90e7e142d9ef994aa29676731acafdcccdbb3f5",
                "sha256:5be5f905e8d34a3326e28d428674cdc2d57912fdf6e25b8676d63f76294eb4e0",
                "sha256:9fcd297e5c51470521c47eff0f86ba844aeca6be97e13c3e2114ebdf03fa3c96",
                "sha256:b6f4a9b750e02a180517f779d174a1c7db651981cd37e5623235b87da9774dfd",
                "sha256:ba8a7465facf7b98d8f494030fb481a2e8aeee29dc191e10383bb54ed42bdb34",
                "sha256:bb2e91019e5905415f795eef994de60ace5ae186fc4fe3d358e2d8feebb24992",
                "sha256:d98a59a47e99fa430b3f6d2a979e27509852d2c43e204f43bd0168e7ec97f469",
                "sha256:e7cca28e8ee4082654b6062cc4d06f83d48f1a7e2d152bab020c9e3e373afb90"
            ],
            "markers": "python_version < '3.10' and sys_platform == 'win32'",
            "version": "==3.0"
        },
        "importlib-metadata": {
            "hashes": [
                "sha256:637245b8bab2b6502fcbc752cc4b7a6f6243bb02b31c5c26156ad103d3d45670",
                "sha256:7401a975809ea1fdc658c3aa4f78cc2195a0e019c5cbc4c06122884e9ae80c23"
            ],
            "markers": "python_version < '3.10'",
            "version": "==4.12.0"
        },
        "keyboard": {
            "hashes": [
                "sha256:63ed83305955939ca5c9a73755e5cc43e8242263f5ad5fd3bb7e0b032f3d308b",
                "sha256:8e9c2422f1217e0bd84489b9ecd361027cc78415828f4fe4f88dd4acd587947b"
            ],
            "index": "pypi",
            "version": "==0.13.5"
        },
        "lief": {
            "hashes": [
                "sha256:0df84ac2df20b14db12e69442d39b0e8cd89428ba3b131995e0570bcd3725460",
                "sha256:1c4019dddf03a5185462fb5ea04327cee08d40f46777b02f0773c7dc294552ea",
                "sha256:2d3ab7212da696bcbe5ca9dd78ceaa32dfb8a0e85e18001793b4441ef4624561",
                "sha256:4360b0acd525ba77777cc38f0e5128c90c93cc4e91ab566ef3aa45b7f8a8c57e",
                "sha256:44012da4c32c670a97bb8a055a4ff16168cfaa757d03986f319aa3329a43e343",
                "sha256:443e4494df448ea1a021976258c7a6aca27d81b0612783fa3a84fab196fb9fcb",
                "sha256:4fbbc9d520de87ac22210c62d22a9b088e5460f9a028741311e6f68ef8877ddd",
                "sha256:4ff4ccfae2e1ee4ccba2b5556027dbb56282b8a973c5835c5b597e8b7b664416",
                "sha256:5771f5226b62c885a7aa30c1b98040d39229a1dab889d03155e5538e57d0054b",
                "sha256:5d746f7eb6d3bf35a0230c7184aaaf434cb1ea89d7e7c8e8fe14a49cf2bb17a0",
                "sha256:5e82e466d36cbabb28cc1a787b554d2feae5ab55c39cab58ef64fb6513bad92a",
                "sha256:7dea6b3f17d362f93165379c46dadb012c73b1f751c8ceac256e5f43842cd86d",
                "sha256:8ec307a762505076a6d31566225a231c44ec7063c0e7d751ac4654c674454c47",
                "sha256:960a2da9f28c8d5dba753bb9ab77e26b3c6ff9b9658918be95650ceb8ee91e68",
                "sha256:9fa6269ec4fa3f874b807fbba3c48a46af30df2497723f6966080e3eb630cb26",
                "sha256:a755f6088d3b2041e4402adf917ac87e5ad9d1c5278973f48a29a5631fe393eb",
                "sha256:a78b05cac5fa491e01e1819573bbbbcaea0a4229f4aa3a2edb231b5695ddaf2d",
                "sha256:b845eca79c772041efb38b50cfaf951e24bc047ec462450b7e54e75b7e2bee0d",
                "sha256:d29f91d9f64f67d3ada5b7e0e48ab084d825fb4601d32d9fecdd2bdf23cdad23",
                "sha256:d7e09968f99ddf1e3983d3bcc16c62d1b6635a345fee8d8139f82b31bad457d6",
                "sha256:dab63876113bd573d64ce043f50153f6e2810e5e78256397aa0fe1fedf82ab84",
                "sha256:e1d23997b0a71d34e766ff183be07854c6f698fd3d6aa44bf30b6b7f4f77ef55",
                "sha256:efa0022a3bf70ef46335639e61b946cc2d9cf012d60e263c215e3e64b1ce38b4",
                "sha256:f1292bff96579c18e01e20b7a14043052379fe6e9a476c1d6d88aca43e5f9ac7"
            ],
            "markers": "python_version < '3.11' and sys_platform == 'win32'",
            "version": "==0.12.1"
        },
        "packaging": {
            "hashes": [
                "sha256:dd47c42927d89ab911e606518907cc2d3a1f38bbd026385970643f9c5b8ecfeb",
                "sha256:ef103e05f519cdc783ae24ea4e2e0f508a9c99b2d4969652eed6a2e1ea5bd522"
            ],
            "markers": "python_version >= '3.6'",
            "version": "==21.3"
        },
        "pygame": {
            "hashes": [
                "sha256:0427c103f741234336e5606d2fad86f5403c1a3d1dc55c309fbff3c984f0c9ae",
                "sha256:07ca9f683075aea9bd977af9f09a720ebf747343d3ea8103e4f1735283b02330",
                "sha256:0e06ae8e1c830f1b9c36a2bc6bb11de840232e95b78e2c349c6ed803a303be19",
                "sha256:0e97d38308c441942577fea7fcd1326308bc56d6be6c024218e94d075d322e0f",
                "sha256:119dee20c372c85dc47b717119534d15a60c64ceab8b0eb09278866d10486afe",
                "sha256:1219a963941bd53aa754e8449364c142004fe706c33a9c22ff2a76521a82d078",
                "sha256:1fddec8829e96424800c806582d73a5173b7d48946cccf7d035839ca09850db8",
                "sha256:20676da24e3e3e6b9fc4eecc7ba09d77ef46c3a83a028763ba1d222476c2e3fb",
                "sha256:2405414d8c572668e04739875661e030a0c588e197fa95463fe301c3d0a0510b",
                "sha256:24254c4244f0d9bdc904f5d3f38e86757ca4c6aa0e44a6d55ef5e016bc7274d6",
                "sha256:24b4f7f30fa2b3d092b60be6fcc725fb91d569fc87a9bcc91614ee8b0c005726",
                "sha256:3bb0674aa789848ddc264bfc60c54965bf3bb659c141de4f600e379acc9b944c",
                "sha256:3c8d6637ff75351e581327efefa9d04eeb0f257b533392b6cc6b15ceca4f7c5e",
                "sha256:40e4d8d65985bb467d9c5a1305fb53fd6820c61d764979600becab973339676f",
                "sha256:4aa3ae32320cc704d63e185864e44f6265c2a6e52c9384afe152cc3d51b3a2ef",
                "sha256:50d9a21edd551669862c27c9272747401b20b1939abaacb842c08ea1cdd1c04d",
                "sha256:5c7600bf307de1ca1dca0cc7840e34604d5b0b0a5a5dad345c3fa62b054b886d",
                "sha256:5d0c14152d0ca8ef5fbcc5ed9981462bdf59a9ae85a291e62d8a8d0b7e5cbe43",
                "sha256:5e88b0d4338b94960686f59396f23f7f684fed4859fcc3b9f40286d72c1c61af",
                "sha256:5ebbefb8b576572c8fc97a3321d37dc2b4afea6b6e3877a67f7158d8c2c4cefe",
                "sha256:636f51f56615d67459b11918206bb4da30cd7d7042027bf997c218ccd6c77902",
                "sha256:660c80c0b2e80f1f801715583b759fb4c7bc0c11eb3b534e89c9fc4bfbc38acd",
                "sha256:6ecda8dd4583982bb65f9c682f244a5e94524dcf628379766227e9ed97201a49",
                "sha256:754c2906f2ef47173a14493e1de116b2a56a2c8e1764f1202ba844d080248a5b",
                "sha256:7889dce887ec83c9a0bef8d9eb3669d8863fdaf37c45bacec707d8ad90b24a38",
                "sha256:7fdb93b4282962c9a2ebf1af994ee698be823dd913218ed97a5f2fb372b10b66",
                "sha256:8e87716114e97322fb177e223d889a4be369a0f73212f4f8507fe0cd43253b23",
                "sha256:93c4cbfc942dd00410eaa9e84252129f9f9993f37f683006d7b49ab245342254",
                "sha256:9649419254d3282dae41f23837de4108b17bc62187c3acd8af2ae3801b765cbd",
                "sha256:97a74ba186deee68318a52637012ef6abf5be6282c659e1d1ba6ad08cf35ec85",
                "sha256:9d6452419e01a0f848aed0597f69fd10a4c2a7750c15d1b0607f86090a39dcf3",
                "sha256:9d7b021b8dde5d528363e474bc18bd6f79a9666eef89fb4859bcb8f0a536c9de",
                "sha256:a0ccf8e3dce7ca67d523a6020b7e3dbf4b26797a9a8db5cc4c7b5ef20fb64701",
                "sha256:a56a811d8821f7b9a594e3d0e0dd8bd39b25e3eea8963d5963263b90fd2ea5c2",
                "sha256:c5ea87da5fe4b6164c3854f3b0c9146811dbad0dd7fa74297683dfacc485ae1c",
                "sha256:c99b95e62cdda29c2e60235d7763447c168a6a877403e6f9ca5b2e2bb297c2ce",
                "sha256:c9ce7f3d8af14d7e04eb7eb41c5e5313c43508c252bb2b9eb53e51fc87ada9fd",
                "sha256:ca5ef1315fa67c241a657ab077be44f230c05740c95f0b46409457dceefdc7e5",
                "sha256:d2d3c50ee9847b743db6cd7b1bb17a94c2c2abc16679d70f5e745cabdf19e655",
                "sha256:d6d0eca28f886f0477cd0721ac688189155a587f2bb8eae740e52ca56c3ad23c",
                "sha256:dad6bf3fdd3752d7519422f3732be779b98fe7c87d32c3efe2fdffdcbeebb6ca",
                "sha256:db2f40d5a75fd9cdda473c58b0d8b294da6e0179f00bb3b1fc2f7f29cac09bea",
                "sha256:dc4444d61d48c5546df5137cdf81554887ddb6e2ef1be7f51eb77ea3b6bdd56f",
                "sha256:dcc285ee1f1d0e2672cc52f880fd3f564b1505de710e817f692fbf64a72ca657",
                "sha256:dd528dbb91eca16f7522c975d0f9e94b95f6b5024c82c3247dc0383d242d33c6",
                "sha256:e09044e9e1aa8512d6a9c7ce5f94b881824bcfc401105f3c24f546dfc3bb4aa5",
                "sha256:e18c9466131378421d00fc40b637425229238d506a073d9c537b230b355a25d6",
                "sha256:e1bb25986db77a48f632469c6bc61baf7508ce945aa6161c02180d4ee5ac5b8d",
                "sha256:e4b4cd440d50a9f8551b8989e856aab175593af07eb825cad22fd2f8f6f2ffce",
                "sha256:e627300a66a90651fb39e41601d447b1fdbbfffca3f08ef0278d6cc0436b2160",
                "sha256:e7a8e18677e0064b7a422f6653a622652d932826a27e50f279d55a8b122a1a83",
                "sha256:e8632f6b2ddb90f6f3950744bd65d5ef15af615e3034057fa30ff836f48a7179",
                "sha256:ea36f4f93524554a35cac2359df63b50af6556ed866830aa1f07f0d8580280ea",
                "sha256:f149e182d0eeef15d8a9b4c9dad1b87dc6eba3a99bd3c44a777a3a2b053a3dca",
                "sha256:fc2e5db54491e8f27785fc5204c96f540d3557dcf5b0a9a857b6594d6b32561b",
                "sha256:fc30e834f65b893d1b4c230070183bf98e6b70c41c1511687e8436a33d5ce49d",
                "sha256:fcc9586e17875c0cdf8764597955f9daa979098fd4f80be07ed68276ac225480",
                "sha256:ff961c3280d6ee5f4163f4772f963d7a4dbe42e36c6dd54b79ad436c1f046e5d"
            ],
            "index": "pypi",
            "version": "==2.1.2"
        },
        "pyparsing": {
            "hashes": [
                "sha256:2b020ecf7d21b687f219b71ecad3631f644a47f01403fa1d1036b0c6416d70fb",
                "sha256:5026bae9a10eeaefb61dab2f09052b9f4307d44aee4eda64b309723d8d206bbc"
            ],
            "markers": "python_full_version >= '3.6.8'",
            "version": "==3.0.9"
        },
        "setuptools": {
            "hashes": [
                "sha256:6599055eeb23bfef457d5605d33a4d68804266e6cb430b0fb12417c5efeae36c",
                "sha256:782ef48d58982ddb49920c11a0c5c9c0b02e7d7d1c2ad0aa44e1a1e133051c96"
            ],
            "markers": "python_version >= '3.7'",
            "version": "==60.10.0"
        },
        "zipp": {
            "hashes": [
                "sha256:05b45f1ee8f807d0cc928485ca40a07cb491cf092ff587c0df9cb1fd154848d2",
                "sha256:47c40d7fe183a6f21403a199b3e4192cca5774656965b0a4988ad2f8feb5f009"
            ],
            "markers": "python_version >= '3.7'",
            "version": "==3.8.1"
        }
    },
    "develop": {}
}
